// !$*UTF8*$!
{
	archiveVersion = 1;
	classes = {
	};
	objectVersion = 56;
	objects = {

/* Begin PBXBuildFile section */
		1E4EE6932B122994009659A4 /* Note.swift in Sources */ = {isa = PBXBuildFile; fileRef = 1E4EE6922B122994009659A4 /* Note.swift */; };
		1E4EE6972B123867009659A4 /* FirebaseDatabase.swift in Sources */ = {isa = PBXBuildFile; fileRef = 1E4EE6962B123867009659A4 /* FirebaseDatabase.swift */; };
		1E4EE69E2B124365009659A4 /* Date+.swift in Sources */ = {isa = PBXBuildFile; fileRef = 1E4EE69D2B124365009659A4 /* Date+.swift */; };
		1E4EE6A22B12FE78009659A4 /* FirebaseAnalytics in Frameworks */ = {isa = PBXBuildFile; productRef = 1E4EE6A12B12FE78009659A4 /* FirebaseAnalytics */; };
		1E4EE6A42B12FE78009659A4 /* FirebaseAnalyticsOnDeviceConversion in Frameworks */ = {isa = PBXBuildFile; productRef = 1E4EE6A32B12FE78009659A4 /* FirebaseAnalyticsOnDeviceConversion */; };
		1E4EE6A62B12FE78009659A4 /* FirebaseAnalyticsSwift in Frameworks */ = {isa = PBXBuildFile; productRef = 1E4EE6A52B12FE78009659A4 /* FirebaseAnalyticsSwift */; };
		1E4EE6A82B12FE78009659A4 /* FirebaseAnalyticsWithoutAdIdSupport in Frameworks */ = {isa = PBXBuildFile; productRef = 1E4EE6A72B12FE78009659A4 /* FirebaseAnalyticsWithoutAdIdSupport */; };
		1E4EE6AA2B12FE78009659A4 /* FirebaseAppCheck in Frameworks */ = {isa = PBXBuildFile; productRef = 1E4EE6A92B12FE78009659A4 /* FirebaseAppCheck */; };
		1E4EE6AC2B12FE78009659A4 /* FirebaseAppDistribution-Beta in Frameworks */ = {isa = PBXBuildFile; productRef = 1E4EE6AB2B12FE78009659A4 /* FirebaseAppDistribution-Beta */; };
		1E4EE6AE2B12FE78009659A4 /* FirebaseAuth in Frameworks */ = {isa = PBXBuildFile; productRef = 1E4EE6AD2B12FE78009659A4 /* FirebaseAuth */; };
		1E4EE6B02B12FE78009659A4 /* FirebaseAuthCombine-Community in Frameworks */ = {isa = PBXBuildFile; productRef = 1E4EE6AF2B12FE78009659A4 /* FirebaseAuthCombine-Community */; };
		1E4EE6B22B12FE78009659A4 /* FirebaseCrashlytics in Frameworks */ = {isa = PBXBuildFile; productRef = 1E4EE6B12B12FE78009659A4 /* FirebaseCrashlytics */; };
		1E4EE6B42B12FE78009659A4 /* FirebaseDatabase in Frameworks */ = {isa = PBXBuildFile; productRef = 1E4EE6B32B12FE78009659A4 /* FirebaseDatabase */; };
		1E4EE6B62B12FE78009659A4 /* FirebaseDatabaseSwift in Frameworks */ = {isa = PBXBuildFile; productRef = 1E4EE6B52B12FE78009659A4 /* FirebaseDatabaseSwift */; };
		1E4EE6B82B12FE78009659A4 /* FirebaseDynamicLinks in Frameworks */ = {isa = PBXBuildFile; productRef = 1E4EE6B72B12FE78009659A4 /* FirebaseDynamicLinks */; };
		1E4EE6BA2B12FE78009659A4 /* FirebaseFirestore in Frameworks */ = {isa = PBXBuildFile; productRef = 1E4EE6B92B12FE78009659A4 /* FirebaseFirestore */; };
		1E4EE6BC2B12FE78009659A4 /* FirebaseFirestoreCombine-Community in Frameworks */ = {isa = PBXBuildFile; productRef = 1E4EE6BB2B12FE78009659A4 /* FirebaseFirestoreCombine-Community */; };
		1E4EE6BE2B12FE78009659A4 /* FirebaseFirestoreSwift in Frameworks */ = {isa = PBXBuildFile; productRef = 1E4EE6BD2B12FE78009659A4 /* FirebaseFirestoreSwift */; };
		1E4EE6C02B12FE78009659A4 /* FirebaseFunctions in Frameworks */ = {isa = PBXBuildFile; productRef = 1E4EE6BF2B12FE78009659A4 /* FirebaseFunctions */; };
		1E4EE6C22B12FE78009659A4 /* FirebaseFunctionsCombine-Community in Frameworks */ = {isa = PBXBuildFile; productRef = 1E4EE6C12B12FE78009659A4 /* FirebaseFunctionsCombine-Community */; };
		1E4EE6C42B12FE78009659A4 /* FirebaseInAppMessaging-Beta in Frameworks */ = {isa = PBXBuildFile; productRef = 1E4EE6C32B12FE78009659A4 /* FirebaseInAppMessaging-Beta */; };
		1E4EE6C62B12FE78009659A4 /* FirebaseInAppMessagingSwift-Beta in Frameworks */ = {isa = PBXBuildFile; productRef = 1E4EE6C52B12FE78009659A4 /* FirebaseInAppMessagingSwift-Beta */; };
		1E4EE6C82B12FE78009659A4 /* FirebaseInstallations in Frameworks */ = {isa = PBXBuildFile; productRef = 1E4EE6C72B12FE78009659A4 /* FirebaseInstallations */; };
		1E4EE6CA2B12FE78009659A4 /* FirebaseMessaging in Frameworks */ = {isa = PBXBuildFile; productRef = 1E4EE6C92B12FE78009659A4 /* FirebaseMessaging */; };
		1E4EE6CC2B12FE78009659A4 /* FirebaseMLModelDownloader in Frameworks */ = {isa = PBXBuildFile; productRef = 1E4EE6CB2B12FE78009659A4 /* FirebaseMLModelDownloader */; };
		1E4EE6CE2B12FE78009659A4 /* FirebasePerformance in Frameworks */ = {isa = PBXBuildFile; productRef = 1E4EE6CD2B12FE78009659A4 /* FirebasePerformance */; };
		1E4EE6D02B12FE78009659A4 /* FirebaseRemoteConfig in Frameworks */ = {isa = PBXBuildFile; productRef = 1E4EE6CF2B12FE78009659A4 /* FirebaseRemoteConfig */; };
		1E4EE6D22B12FE78009659A4 /* FirebaseRemoteConfigSwift in Frameworks */ = {isa = PBXBuildFile; productRef = 1E4EE6D12B12FE78009659A4 /* FirebaseRemoteConfigSwift */; };
		1E4EE6D42B12FE78009659A4 /* FirebaseStorage in Frameworks */ = {isa = PBXBuildFile; productRef = 1E4EE6D32B12FE78009659A4 /* FirebaseStorage */; };
		1E4EE6D62B12FE78009659A4 /* FirebaseStorageCombine-Community in Frameworks */ = {isa = PBXBuildFile; productRef = 1E4EE6D52B12FE78009659A4 /* FirebaseStorageCombine-Community */; };
		1E7BD6992B0E35B300BA7B85 /* HoangAnhNotesApp.swift in Sources */ = {isa = PBXBuildFile; fileRef = 1E7BD6982B0E35B300BA7B85 /* HoangAnhNotesApp.swift */; };
		1E7BD69D2B0E35B700BA7B85 /* Assets.xcassets in Resources */ = {isa = PBXBuildFile; fileRef = 1E7BD69C2B0E35B700BA7B85 /* Assets.xcassets */; };
		1E7BD6A02B0E35B700BA7B85 /* Preview Assets.xcassets in Resources */ = {isa = PBXBuildFile; fileRef = 1E7BD69F2B0E35B700BA7B85 /* Preview Assets.xcassets */; };
		1E7BD6AA2B0E35B700BA7B85 /* HoangAnhNotesTests.swift in Sources */ = {isa = PBXBuildFile; fileRef = 1E7BD6A92B0E35B700BA7B85 /* HoangAnhNotesTests.swift */; };
		1E7BD6B42B0E35B700BA7B85 /* HoangAnhNotesUITests.swift in Sources */ = {isa = PBXBuildFile; fileRef = 1E7BD6B32B0E35B700BA7B85 /* HoangAnhNotesUITests.swift */; };
		1E7BD6B62B0E35B700BA7B85 /* HoangAnhNotesUITestsLaunchTests.swift in Sources */ = {isa = PBXBuildFile; fileRef = 1E7BD6B52B0E35B700BA7B85 /* HoangAnhNotesUITestsLaunchTests.swift */; };
		1EB9BAD52B0F4C8400B72EA8 /* GoogleService-Info.plist in Resources */ = {isa = PBXBuildFile; fileRef = 1EB9BAD42B0F4C8400B72EA8 /* GoogleService-Info.plist */; };
		1EB9BAD82B0F4D0500B72EA8 /* FirebaseAnalytics in Frameworks */ = {isa = PBXBuildFile; productRef = 1EB9BAD72B0F4D0500B72EA8 /* FirebaseAnalytics */; };
		1EB9BADA2B0F4D0500B72EA8 /* FirebaseAnalyticsSwift in Frameworks */ = {isa = PBXBuildFile; productRef = 1EB9BAD92B0F4D0500B72EA8 /* FirebaseAnalyticsSwift */; };
		1EB9BADC2B0F4D0500B72EA8 /* FirebaseDatabase in Frameworks */ = {isa = PBXBuildFile; productRef = 1EB9BADB2B0F4D0500B72EA8 /* FirebaseDatabase */; };
		1EB9BADE2B0F4D0500B72EA8 /* FirebaseDatabaseSwift in Frameworks */ = {isa = PBXBuildFile; productRef = 1EB9BADD2B0F4D0500B72EA8 /* FirebaseDatabaseSwift */; };
		1EB9BAE12B0F4F9900B72EA8 /* AddNoteView.swift in Sources */ = {isa = PBXBuildFile; fileRef = 1EB9BAE02B0F4F9900B72EA8 /* AddNoteView.swift */; };
		1EB9BAE32B0F4FD000B72EA8 /* AddNoteViewModel.swift in Sources */ = {isa = PBXBuildFile; fileRef = 1EB9BAE22B0F4FD000B72EA8 /* AddNoteViewModel.swift */; };
		1EB9BB5B2B0FBC9B00B72EA8 /* NoteListView.swift in Sources */ = {isa = PBXBuildFile; fileRef = 1EB9BB5A2B0FBC9B00B72EA8 /* NoteListView.swift */; };
		1EB9BB5D2B0FBCAD00B72EA8 /* NoteListViewModel.swift in Sources */ = {isa = PBXBuildFile; fileRef = 1EB9BB5C2B0FBCAD00B72EA8 /* NoteListViewModel.swift */; };
/* End PBXBuildFile section */

/* Begin PBXContainerItemProxy section */
		1E7BD6A62B0E35B700BA7B85 /* PBXContainerItemProxy */ = {
			isa = PBXContainerItemProxy;
			containerPortal = 1E7BD68D2B0E35B300BA7B85 /* Project object */;
			proxyType = 1;
			remoteGlobalIDString = 1E7BD6942B0E35B300BA7B85;
			remoteInfo = HoangAnhNotes;
		};
		1E7BD6B02B0E35B700BA7B85 /* PBXContainerItemProxy */ = {
			isa = PBXContainerItemProxy;
			containerPortal = 1E7BD68D2B0E35B300BA7B85 /* Project object */;
			proxyType = 1;
			remoteGlobalIDString = 1E7BD6942B0E35B300BA7B85;
			remoteInfo = HoangAnhNotes;
		};
/* End PBXContainerItemProxy section */

/* Begin PBXFileReference section */
		1E4EE6922B122994009659A4 /* Note.swift */ = {isa = PBXFileReference; fileEncoding = 4; lastKnownFileType = sourcecode.swift; name = Note.swift; path = HoangAnhNotes/Views/ListContentNotes/Note.swift; sourceTree = SOURCE_ROOT; };
		1E4EE6962B123867009659A4 /* FirebaseDatabase.swift */ = {isa = PBXFileReference; lastKnownFileType = sourcecode.swift; path = FirebaseDatabase.swift; sourceTree = "<group>"; };
		1E4EE69D2B124365009659A4 /* Date+.swift */ = {isa = PBXFileReference; lastKnownFileType = sourcecode.swift; path = "Date+.swift"; sourceTree = "<group>"; };
		1E7BD6952B0E35B300BA7B85 /* HoangAnhNotes.app */ = {isa = PBXFileReference; explicitFileType = wrapper.application; includeInIndex = 0; path = HoangAnhNotes.app; sourceTree = BUILT_PRODUCTS_DIR; };
		1E7BD6982B0E35B300BA7B85 /* HoangAnhNotesApp.swift */ = {isa = PBXFileReference; lastKnownFileType = sourcecode.swift; path = HoangAnhNotesApp.swift; sourceTree = "<group>"; };
		1E7BD69C2B0E35B700BA7B85 /* Assets.xcassets */ = {isa = PBXFileReference; lastKnownFileType = folder.assetcatalog; path = Assets.xcassets; sourceTree = "<group>"; };
		1E7BD69F2B0E35B700BA7B85 /* Preview Assets.xcassets */ = {isa = PBXFileReference; lastKnownFileType = folder.assetcatalog; path = "Preview Assets.xcassets"; sourceTree = "<group>"; };
		1E7BD6A52B0E35B700BA7B85 /* HoangAnhNotesTests.xctest */ = {isa = PBXFileReference; explicitFileType = wrapper.cfbundle; includeInIndex = 0; path = HoangAnhNotesTests.xctest; sourceTree = BUILT_PRODUCTS_DIR; };
		1E7BD6A92B0E35B700BA7B85 /* HoangAnhNotesTests.swift */ = {isa = PBXFileReference; lastKnownFileType = sourcecode.swift; path = HoangAnhNotesTests.swift; sourceTree = "<group>"; };
		1E7BD6AF2B0E35B700BA7B85 /* HoangAnhNotesUITests.xctest */ = {isa = PBXFileReference; explicitFileType = wrapper.cfbundle; includeInIndex = 0; path = HoangAnhNotesUITests.xctest; sourceTree = BUILT_PRODUCTS_DIR; };
		1E7BD6B32B0E35B700BA7B85 /* HoangAnhNotesUITests.swift */ = {isa = PBXFileReference; lastKnownFileType = sourcecode.swift; path = HoangAnhNotesUITests.swift; sourceTree = "<group>"; };
		1E7BD6B52B0E35B700BA7B85 /* HoangAnhNotesUITestsLaunchTests.swift */ = {isa = PBXFileReference; lastKnownFileType = sourcecode.swift; path = HoangAnhNotesUITestsLaunchTests.swift; sourceTree = "<group>"; };
		1EB9BAD42B0F4C8400B72EA8 /* GoogleService-Info.plist */ = {isa = PBXFileReference; fileEncoding = 4; lastKnownFileType = text.plist.xml; path = "GoogleService-Info.plist"; sourceTree = "<group>"; };
		1EB9BAE02B0F4F9900B72EA8 /* AddNoteView.swift */ = {isa = PBXFileReference; lastKnownFileType = sourcecode.swift; path = AddNoteView.swift; sourceTree = "<group>"; };
		1EB9BAE22B0F4FD000B72EA8 /* AddNoteViewModel.swift */ = {isa = PBXFileReference; lastKnownFileType = sourcecode.swift; path = AddNoteViewModel.swift; sourceTree = "<group>"; };
		1EB9BB5A2B0FBC9B00B72EA8 /* NoteListView.swift */ = {isa = PBXFileReference; lastKnownFileType = sourcecode.swift; path = NoteListView.swift; sourceTree = "<group>"; };
		1EB9BB5C2B0FBCAD00B72EA8 /* NoteListViewModel.swift */ = {isa = PBXFileReference; lastKnownFileType = sourcecode.swift; path = NoteListViewModel.swift; sourceTree = "<group>"; };
/* End PBXFileReference section */

/* Begin PBXFrameworksBuildPhase section */
		1E7BD6922B0E35B300BA7B85 /* Frameworks */ = {
			isa = PBXFrameworksBuildPhase;
			buildActionMask = 2147483647;
			files = (
				1EB9BADE2B0F4D0500B72EA8 /* FirebaseDatabaseSwift in Frameworks */,
				1EB9BADC2B0F4D0500B72EA8 /* FirebaseDatabase in Frameworks */,
				1EB9BADA2B0F4D0500B72EA8 /* FirebaseAnalyticsSwift in Frameworks */,
				1EB9BAD82B0F4D0500B72EA8 /* FirebaseAnalytics in Frameworks */,
			);
			runOnlyForDeploymentPostprocessing = 0;
		};
		1E7BD6A22B0E35B700BA7B85 /* Frameworks */ = {
			isa = PBXFrameworksBuildPhase;
			buildActionMask = 2147483647;
			files = (
				1E4EE6B42B12FE78009659A4 /* FirebaseDatabase in Frameworks */,
				1E4EE6C22B12FE78009659A4 /* FirebaseFunctionsCombine-Community in Frameworks */,
				1E4EE6BA2B12FE78009659A4 /* FirebaseFirestore in Frameworks */,
				1E4EE6A62B12FE78009659A4 /* FirebaseAnalyticsSwift in Frameworks */,
				1E4EE6A22B12FE78009659A4 /* FirebaseAnalytics in Frameworks */,
				1E4EE6A42B12FE78009659A4 /* FirebaseAnalyticsOnDeviceConversion in Frameworks */,
				1E4EE6BE2B12FE78009659A4 /* FirebaseFirestoreSwift in Frameworks */,
				1E4EE6CC2B12FE78009659A4 /* FirebaseMLModelDownloader in Frameworks */,
				1E4EE6AA2B12FE78009659A4 /* FirebaseAppCheck in Frameworks */,
				1E4EE6A82B12FE78009659A4 /* FirebaseAnalyticsWithoutAdIdSupport in Frameworks */,
				1E4EE6CA2B12FE78009659A4 /* FirebaseMessaging in Frameworks */,
				1E4EE6AE2B12FE78009659A4 /* FirebaseAuth in Frameworks */,
				1E4EE6D22B12FE78009659A4 /* FirebaseRemoteConfigSwift in Frameworks */,
				1E4EE6B22B12FE78009659A4 /* FirebaseCrashlytics in Frameworks */,
				1E4EE6C42B12FE78009659A4 /* FirebaseInAppMessaging-Beta in Frameworks */,
				1E4EE6B62B12FE78009659A4 /* FirebaseDatabaseSwift in Frameworks */,
				1E4EE6D62B12FE78009659A4 /* FirebaseStorageCombine-Community in Frameworks */,
				1E4EE6D02B12FE78009659A4 /* FirebaseRemoteConfig in Frameworks */,
				1E4EE6C02B12FE78009659A4 /* FirebaseFunctions in Frameworks */,
				1E4EE6AC2B12FE78009659A4 /* FirebaseAppDistribution-Beta in Frameworks */,
				1E4EE6CE2B12FE78009659A4 /* FirebasePerformance in Frameworks */,
				1E4EE6B02B12FE78009659A4 /* FirebaseAuthCombine-Community in Frameworks */,
				1E4EE6D42B12FE78009659A4 /* FirebaseStorage in Frameworks */,
				1E4EE6C62B12FE78009659A4 /* FirebaseInAppMessagingSwift-Beta in Frameworks */,
				1E4EE6B82B12FE78009659A4 /* FirebaseDynamicLinks in Frameworks */,
				1E4EE6BC2B12FE78009659A4 /* FirebaseFirestoreCombine-Community in Frameworks */,
				1E4EE6C82B12FE78009659A4 /* FirebaseInstallations in Frameworks */,
			);
			runOnlyForDeploymentPostprocessing = 0;
		};
		1E7BD6AC2B0E35B700BA7B85 /* Frameworks */ = {
			isa = PBXFrameworksBuildPhase;
			buildActionMask = 2147483647;
			files = (
			);
			runOnlyForDeploymentPostprocessing = 0;
		};
/* End PBXFrameworksBuildPhase section */

/* Begin PBXGroup section */
		1E4EE68F2B122926009659A4 /* Models */ = {
			isa = PBXGroup;
			children = (
				1E4EE6922B122994009659A4 /* Note.swift */,
			);
			path = Models;
			sourceTree = "<group>";
		};
		1E4EE6952B123849009659A4 /* Repositories */ = {
			isa = PBXGroup;
			children = (
				1E4EE6962B123867009659A4 /* FirebaseDatabase.swift */,
			);
			path = Repositories;
			sourceTree = "<group>";
		};
		1E4EE69C2B124355009659A4 /* Extensions */ = {
			isa = PBXGroup;
			children = (
				1E4EE69D2B124365009659A4 /* Date+.swift */,
			);
			path = Extensions;
			sourceTree = "<group>";
		};
		1E4EE6A02B12FE78009659A4 /* Frameworks */ = {
			isa = PBXGroup;
			children = (
			);
			name = Frameworks;
			sourceTree = "<group>";
		};
		1E7BD68C2B0E35B300BA7B85 = {
			isa = PBXGroup;
			children = (
				1E7BD6972B0E35B300BA7B85 /* HoangAnhNotes */,
				1E7BD6A82B0E35B700BA7B85 /* HoangAnhNotesTests */,
				1E7BD6B22B0E35B700BA7B85 /* HoangAnhNotesUITests */,
				1E7BD6962B0E35B300BA7B85 /* Products */,
				1E4EE6A02B12FE78009659A4 /* Frameworks */,
			);
			sourceTree = "<group>";
		};
		1E7BD6962B0E35B300BA7B85 /* Products */ = {
			isa = PBXGroup;
			children = (
				1E7BD6952B0E35B300BA7B85 /* HoangAnhNotes.app */,
				1E7BD6A52B0E35B700BA7B85 /* HoangAnhNotesTests.xctest */,
				1E7BD6AF2B0E35B700BA7B85 /* HoangAnhNotesUITests.xctest */,
			);
			name = Products;
			sourceTree = "<group>";
		};
		1E7BD6972B0E35B300BA7B85 /* HoangAnhNotes */ = {
			isa = PBXGroup;
			children = (
				1EB9BAD42B0F4C8400B72EA8 /* GoogleService-Info.plist */,
				1E7BD6982B0E35B300BA7B85 /* HoangAnhNotesApp.swift */,
				1E7BD69C2B0E35B700BA7B85 /* Assets.xcassets */,
				1EEC83742B12236A00EF4080 /* Views */,
				1E4EE68F2B122926009659A4 /* Models */,
				1E4EE6952B123849009659A4 /* Repositories */,
				1E4EE69C2B124355009659A4 /* Extensions */,
				1E7BD69E2B0E35B700BA7B85 /* Preview Content */,
			);
			path = HoangAnhNotes;
			sourceTree = "<group>";
		};
		1E7BD69E2B0E35B700BA7B85 /* Preview Content */ = {
			isa = PBXGroup;
			children = (
				1E7BD69F2B0E35B700BA7B85 /* Preview Assets.xcassets */,
			);
			path = "Preview Content";
			sourceTree = "<group>";
		};
		1E7BD6A82B0E35B700BA7B85 /* HoangAnhNotesTests */ = {
			isa = PBXGroup;
			children = (
				1E7BD6A92B0E35B700BA7B85 /* HoangAnhNotesTests.swift */,
			);
			path = HoangAnhNotesTests;
			sourceTree = "<group>";
		};
		1E7BD6B22B0E35B700BA7B85 /* HoangAnhNotesUITests */ = {
			isa = PBXGroup;
			children = (
				1E7BD6B32B0E35B700BA7B85 /* HoangAnhNotesUITests.swift */,
				1E7BD6B52B0E35B700BA7B85 /* HoangAnhNotesUITestsLaunchTests.swift */,
			);
			path = HoangAnhNotesUITests;
			sourceTree = "<group>";
		};
		1EB9BADF2B0F4F6C00B72EA8 /* AddNoteView */ = {
			isa = PBXGroup;
			children = (
				1EB9BAE02B0F4F9900B72EA8 /* AddNoteView.swift */,
				1EB9BAE22B0F4FD000B72EA8 /* AddNoteViewModel.swift */,
			);
			path = AddNoteView;
			sourceTree = "<group>";
		};
		1EB9BB592B0FBC7A00B72EA8 /* ListContentNotes */ = {
			isa = PBXGroup;
			children = (
				1EB9BB5A2B0FBC9B00B72EA8 /* NoteListView.swift */,
				1EB9BB5C2B0FBCAD00B72EA8 /* NoteListViewModel.swift */,
			);
			path = ListContentNotes;
			sourceTree = "<group>";
		};
		1EEC83742B12236A00EF4080 /* Views */ = {
			isa = PBXGroup;
			children = (
				1EB9BADF2B0F4F6C00B72EA8 /* AddNoteView */,
				1EB9BB592B0FBC7A00B72EA8 /* ListContentNotes */,
			);
			path = Views;
			sourceTree = "<group>";
		};
/* End PBXGroup section */

/* Begin PBXNativeTarget section */
		1E7BD6942B0E35B300BA7B85 /* HoangAnhNotes */ = {
			isa = PBXNativeTarget;
			buildConfigurationList = 1E7BD6B92B0E35B700BA7B85 /* Build configuration list for PBXNativeTarget "HoangAnhNotes" */;
			buildPhases = (
				1E7BD6912B0E35B300BA7B85 /* Sources */,
				1E7BD6922B0E35B300BA7B85 /* Frameworks */,
				1E7BD6932B0E35B300BA7B85 /* Resources */,
			);
			buildRules = (
			);
			dependencies = (
			);
			name = HoangAnhNotes;
			packageProductDependencies = (
				1EB9BAD72B0F4D0500B72EA8 /* FirebaseAnalytics */,
				1EB9BAD92B0F4D0500B72EA8 /* FirebaseAnalyticsSwift */,
				1EB9BADB2B0F4D0500B72EA8 /* FirebaseDatabase */,
				1EB9BADD2B0F4D0500B72EA8 /* FirebaseDatabaseSwift */,
			);
			productName = HoangAnhNotes;
			productReference = 1E7BD6952B0E35B300BA7B85 /* HoangAnhNotes.app */;
			productType = "com.apple.product-type.application";
		};
		1E7BD6A42B0E35B700BA7B85 /* HoangAnhNotesTests */ = {
			isa = PBXNativeTarget;
			buildConfigurationList = 1E7BD6BC2B0E35B700BA7B85 /* Build configuration list for PBXNativeTarget "HoangAnhNotesTests" */;
			buildPhases = (
				1E7BD6A12B0E35B700BA7B85 /* Sources */,
				1E7BD6A22B0E35B700BA7B85 /* Frameworks */,
				1E7BD6A32B0E35B700BA7B85 /* Resources */,
			);
			buildRules = (
			);
			dependencies = (
				1E7BD6A72B0E35B700BA7B85 /* PBXTargetDependency */,
			);
			name = HoangAnhNotesTests;
			packageProductDependencies = (
				1E4EE6A12B12FE78009659A4 /* FirebaseAnalytics */,
				1E4EE6A32B12FE78009659A4 /* FirebaseAnalyticsOnDeviceConversion */,
				1E4EE6A52B12FE78009659A4 /* FirebaseAnalyticsSwift */,
				1E4EE6A72B12FE78009659A4 /* FirebaseAnalyticsWithoutAdIdSupport */,
				1E4EE6A92B12FE78009659A4 /* FirebaseAppCheck */,
				1E4EE6AB2B12FE78009659A4 /* FirebaseAppDistribution-Beta */,
				1E4EE6AD2B12FE78009659A4 /* FirebaseAuth */,
				1E4EE6AF2B12FE78009659A4 /* FirebaseAuthCombine-Community */,
				1E4EE6B12B12FE78009659A4 /* FirebaseCrashlytics */,
				1E4EE6B32B12FE78009659A4 /* FirebaseDatabase */,
				1E4EE6B52B12FE78009659A4 /* FirebaseDatabaseSwift */,
				1E4EE6B72B12FE78009659A4 /* FirebaseDynamicLinks */,
				1E4EE6B92B12FE78009659A4 /* FirebaseFirestore */,
				1E4EE6BB2B12FE78009659A4 /* FirebaseFirestoreCombine-Community */,
				1E4EE6BD2B12FE78009659A4 /* FirebaseFirestoreSwift */,
				1E4EE6BF2B12FE78009659A4 /* FirebaseFunctions */,
				1E4EE6C12B12FE78009659A4 /* FirebaseFunctionsCombine-Community */,
				1E4EE6C32B12FE78009659A4 /* FirebaseInAppMessaging-Beta */,
				1E4EE6C52B12FE78009659A4 /* FirebaseInAppMessagingSwift-Beta */,
				1E4EE6C72B12FE78009659A4 /* FirebaseInstallations */,
				1E4EE6C92B12FE78009659A4 /* FirebaseMessaging */,
				1E4EE6CB2B12FE78009659A4 /* FirebaseMLModelDownloader */,
				1E4EE6CD2B12FE78009659A4 /* FirebasePerformance */,
				1E4EE6CF2B12FE78009659A4 /* FirebaseRemoteConfig */,
				1E4EE6D12B12FE78009659A4 /* FirebaseRemoteConfigSwift */,
				1E4EE6D32B12FE78009659A4 /* FirebaseStorage */,
				1E4EE6D52B12FE78009659A4 /* FirebaseStorageCombine-Community */,
			);
			productName = HoangAnhNotesTests;
			productReference = 1E7BD6A52B0E35B700BA7B85 /* HoangAnhNotesTests.xctest */;
			productType = "com.apple.product-type.bundle.unit-test";
		};
		1E7BD6AE2B0E35B700BA7B85 /* HoangAnhNotesUITests */ = {
			isa = PBXNativeTarget;
			buildConfigurationList = 1E7BD6BF2B0E35B700BA7B85 /* Build configuration list for PBXNativeTarget "HoangAnhNotesUITests" */;
			buildPhases = (
				1E7BD6AB2B0E35B700BA7B85 /* Sources */,
				1E7BD6AC2B0E35B700BA7B85 /* Frameworks */,
				1E7BD6AD2B0E35B700BA7B85 /* Resources */,
			);
			buildRules = (
			);
			dependencies = (
				1E7BD6B12B0E35B700BA7B85 /* PBXTargetDependency */,
			);
			name = HoangAnhNotesUITests;
			productName = HoangAnhNotesUITests;
			productReference = 1E7BD6AF2B0E35B700BA7B85 /* HoangAnhNotesUITests.xctest */;
			productType = "com.apple.product-type.bundle.ui-testing";
		};
/* End PBXNativeTarget section */

/* Begin PBXProject section */
		1E7BD68D2B0E35B300BA7B85 /* Project object */ = {
			isa = PBXProject;
			attributes = {
				BuildIndependentTargetsInParallel = 1;
				LastSwiftUpdateCheck = 1400;
				LastUpgradeCheck = 1400;
				TargetAttributes = {
					1E7BD6942B0E35B300BA7B85 = {
						CreatedOnToolsVersion = 14.0;
					};
					1E7BD6A42B0E35B700BA7B85 = {
						CreatedOnToolsVersion = 14.0;
						TestTargetID = 1E7BD6942B0E35B300BA7B85;
					};
					1E7BD6AE2B0E35B700BA7B85 = {
						CreatedOnToolsVersion = 14.0;
						TestTargetID = 1E7BD6942B0E35B300BA7B85;
					};
				};
			};
			buildConfigurationList = 1E7BD6902B0E35B300BA7B85 /* Build configuration list for PBXProject "HoangAnhNotes" */;
			compatibilityVersion = "Xcode 14.0";
			developmentRegion = en;
			hasScannedForEncodings = 0;
			knownRegions = (
				en,
				Base,
			);
			mainGroup = 1E7BD68C2B0E35B300BA7B85;
			packageReferences = (
				1EB9BAD62B0F4D0500B72EA8 /* XCRemoteSwiftPackageReference "firebase-ios-sdk" */,
			);
			productRefGroup = 1E7BD6962B0E35B300BA7B85 /* Products */;
			projectDirPath = "";
			projectRoot = "";
			targets = (
				1E7BD6942B0E35B300BA7B85 /* HoangAnhNotes */,
				1E7BD6A42B0E35B700BA7B85 /* HoangAnhNotesTests */,
				1E7BD6AE2B0E35B700BA7B85 /* HoangAnhNotesUITests */,
			);
		};
/* End PBXProject section */

/* Begin PBXResourcesBuildPhase section */
		1E7BD6932B0E35B300BA7B85 /* Resources */ = {
			isa = PBXResourcesBuildPhase;
			buildActionMask = 2147483647;
			files = (
				1E7BD6A02B0E35B700BA7B85 /* Preview Assets.xcassets in Resources */,
				1E7BD69D2B0E35B700BA7B85 /* Assets.xcassets in Resources */,
				1EB9BAD52B0F4C8400B72EA8 /* GoogleService-Info.plist in Resources */,
			);
			runOnlyForDeploymentPostprocessing = 0;
		};
		1E7BD6A32B0E35B700BA7B85 /* Resources */ = {
			isa = PBXResourcesBuildPhase;
			buildActionMask = 2147483647;
			files = (
			);
			runOnlyForDeploymentPostprocessing = 0;
		};
		1E7BD6AD2B0E35B700BA7B85 /* Resources */ = {
			isa = PBXResourcesBuildPhase;
			buildActionMask = 2147483647;
			files = (
			);
			runOnlyForDeploymentPostprocessing = 0;
		};
/* End PBXResourcesBuildPhase section */

/* Begin PBXSourcesBuildPhase section */
		1E7BD6912B0E35B300BA7B85 /* Sources */ = {
			isa = PBXSourcesBuildPhase;
			buildActionMask = 2147483647;
			files = (
				1EB9BAE32B0F4FD000B72EA8 /* AddNoteViewModel.swift in Sources */,
				1EB9BAE12B0F4F9900B72EA8 /* AddNoteView.swift in Sources */,
				1E4EE6932B122994009659A4 /* Note.swift in Sources */,
				1EB9BB5B2B0FBC9B00B72EA8 /* NoteListView.swift in Sources */,
				1E7BD6992B0E35B300BA7B85 /* HoangAnhNotesApp.swift in Sources */,
				1E4EE6972B123867009659A4 /* FirebaseDatabase.swift in Sources */,
				1EB9BB5D2B0FBCAD00B72EA8 /* NoteListViewModel.swift in Sources */,
				1E4EE69E2B124365009659A4 /* Date+.swift in Sources */,
			);
			runOnlyForDeploymentPostprocessing = 0;
		};
		1E7BD6A12B0E35B700BA7B85 /* Sources */ = {
			isa = PBXSourcesBuildPhase;
			buildActionMask = 2147483647;
			files = (
				1E7BD6AA2B0E35B700BA7B85 /* HoangAnhNotesTests.swift in Sources */,
			);
			runOnlyForDeploymentPostprocessing = 0;
		};
		1E7BD6AB2B0E35B700BA7B85 /* Sources */ = {
			isa = PBXSourcesBuildPhase;
			buildActionMask = 2147483647;
			files = (
				1E7BD6B62B0E35B700BA7B85 /* HoangAnhNotesUITestsLaunchTests.swift in Sources */,
				1E7BD6B42B0E35B700BA7B85 /* HoangAnhNotesUITests.swift in Sources */,
			);
			runOnlyForDeploymentPostprocessing = 0;
		};
/* End PBXSourcesBuildPhase section */

/* Begin PBXTargetDependency section */
		1E7BD6A72B0E35B700BA7B85 /* PBXTargetDependency */ = {
			isa = PBXTargetDependency;
			target = 1E7BD6942B0E35B300BA7B85 /* HoangAnhNotes */;
			targetProxy = 1E7BD6A62B0E35B700BA7B85 /* PBXContainerItemProxy */;
		};
		1E7BD6B12B0E35B700BA7B85 /* PBXTargetDependency */ = {
			isa = PBXTargetDependency;
			target = 1E7BD6942B0E35B300BA7B85 /* HoangAnhNotes */;
			targetProxy = 1E7BD6B02B0E35B700BA7B85 /* PBXContainerItemProxy */;
		};
/* End PBXTargetDependency section */

/* Begin XCBuildConfiguration section */
		1E7BD6B72B0E35B700BA7B85 /* Debug */ = {
			isa = XCBuildConfiguration;
			buildSettings = {
				ALWAYS_SEARCH_USER_PATHS = NO;
				CLANG_ANALYZER_NONNULL = YES;
				CLANG_ANALYZER_NUMBER_OBJECT_CONVERSION = YES_AGGRESSIVE;
				CLANG_CXX_LANGUAGE_STANDARD = "gnu++20";
				CLANG_ENABLE_MODULES = YES;
				CLANG_ENABLE_OBJC_ARC = YES;
				CLANG_ENABLE_OBJC_WEAK = YES;
				CLANG_WARN_BLOCK_CAPTURE_AUTORELEASING = YES;
				CLANG_WARN_BOOL_CONVERSION = YES;
				CLANG_WARN_COMMA = YES;
				CLANG_WARN_CONSTANT_CONVERSION = YES;
				CLANG_WARN_DEPRECATED_OBJC_IMPLEMENTATIONS = YES;
				CLANG_WARN_DIRECT_OBJC_ISA_USAGE = YES_ERROR;
				CLANG_WARN_DOCUMENTATION_COMMENTS = YES;
				CLANG_WARN_EMPTY_BODY = YES;
				CLANG_WARN_ENUM_CONVERSION = YES;
				CLANG_WARN_INFINITE_RECURSION = YES;
				CLANG_WARN_INT_CONVERSION = YES;
				CLANG_WARN_NON_LITERAL_NULL_CONVERSION = YES;
				CLANG_WARN_OBJC_IMPLICIT_RETAIN_SELF = YES;
				CLANG_WARN_OBJC_LITERAL_CONVERSION = YES;
				CLANG_WARN_OBJC_ROOT_CLASS = YES_ERROR;
				CLANG_WARN_QUOTED_INCLUDE_IN_FRAMEWORK_HEADER = YES;
				CLANG_WARN_RANGE_LOOP_ANALYSIS = YES;
				CLANG_WARN_STRICT_PROTOTYPES = YES;
				CLANG_WARN_SUSPICIOUS_MOVE = YES;
				CLANG_WARN_UNGUARDED_AVAILABILITY = YES_AGGRESSIVE;
				CLANG_WARN_UNREACHABLE_CODE = YES;
				CLANG_WARN__DUPLICATE_METHOD_MATCH = YES;
				COPY_PHASE_STRIP = NO;
				DEBUG_INFORMATION_FORMAT = dwarf;
				ENABLE_STRICT_OBJC_MSGSEND = YES;
				ENABLE_TESTABILITY = YES;
				GCC_C_LANGUAGE_STANDARD = gnu11;
				GCC_DYNAMIC_NO_PIC = NO;
				GCC_NO_COMMON_BLOCKS = YES;
				GCC_OPTIMIZATION_LEVEL = 0;
				GCC_PREPROCESSOR_DEFINITIONS = (
					"DEBUG=1",
					"$(inherited)",
				);
				GCC_WARN_64_TO_32_BIT_CONVERSION = YES;
				GCC_WARN_ABOUT_RETURN_TYPE = YES_ERROR;
				GCC_WARN_UNDECLARED_SELECTOR = YES;
				GCC_WARN_UNINITIALIZED_AUTOS = YES_AGGRESSIVE;
				GCC_WARN_UNUSED_FUNCTION = YES;
				GCC_WARN_UNUSED_VARIABLE = YES;
				IPHONEOS_DEPLOYMENT_TARGET = 16.0;
				MTL_ENABLE_DEBUG_INFO = INCLUDE_SOURCE;
				MTL_FAST_MATH = YES;
				ONLY_ACTIVE_ARCH = YES;
				SDKROOT = iphoneos;
				SWIFT_ACTIVE_COMPILATION_CONDITIONS = DEBUG;
				SWIFT_OPTIMIZATION_LEVEL = "-Onone";
			};
			name = Debug;
		};
		1E7BD6B82B0E35B700BA7B85 /* Release */ = {
			isa = XCBuildConfiguration;
			buildSettings = {
				ALWAYS_SEARCH_USER_PATHS = NO;
				CLANG_ANALYZER_NONNULL = YES;
				CLANG_ANALYZER_NUMBER_OBJECT_CONVERSION = YES_AGGRESSIVE;
				CLANG_CXX_LANGUAGE_STANDARD = "gnu++20";
				CLANG_ENABLE_MODULES = YES;
				CLANG_ENABLE_OBJC_ARC = YES;
				CLANG_ENABLE_OBJC_WEAK = YES;
				CLANG_WARN_BLOCK_CAPTURE_AUTORELEASING = YES;
				CLANG_WARN_BOOL_CONVERSION = YES;
				CLANG_WARN_COMMA = YES;
				CLANG_WARN_CONSTANT_CONVERSION = YES;
				CLANG_WARN_DEPRECATED_OBJC_IMPLEMENTATIONS = YES;
				CLANG_WARN_DIRECT_OBJC_ISA_USAGE = YES_ERROR;
				CLANG_WARN_DOCUMENTATION_COMMENTS = YES;
				CLANG_WARN_EMPTY_BODY = YES;
				CLANG_WARN_ENUM_CONVERSION = YES;
				CLANG_WARN_INFINITE_RECURSION = YES;
				CLANG_WARN_INT_CONVERSION = YES;
				CLANG_WARN_NON_LITERAL_NULL_CONVERSION = YES;
				CLANG_WARN_OBJC_IMPLICIT_RETAIN_SELF = YES;
				CLANG_WARN_OBJC_LITERAL_CONVERSION = YES;
				CLANG_WARN_OBJC_ROOT_CLASS = YES_ERROR;
				CLANG_WARN_QUOTED_INCLUDE_IN_FRAMEWORK_HEADER = YES;
				CLANG_WARN_RANGE_LOOP_ANALYSIS = YES;
				CLANG_WARN_STRICT_PROTOTYPES = YES;
				CLANG_WARN_SUSPICIOUS_MOVE = YES;
				CLANG_WARN_UNGUARDED_AVAILABILITY = YES_AGGRESSIVE;
				CLANG_WARN_UNREACHABLE_CODE = YES;
				CLANG_WARN__DUPLICATE_METHOD_MATCH = YES;
				COPY_PHASE_STRIP = NO;
				DEBUG_INFORMATION_FORMAT = "dwarf-with-dsym";
				ENABLE_NS_ASSERTIONS = NO;
				ENABLE_STRICT_OBJC_MSGSEND = YES;
				GCC_C_LANGUAGE_STANDARD = gnu11;
				GCC_NO_COMMON_BLOCKS = YES;
				GCC_WARN_64_TO_32_BIT_CONVERSION = YES;
				GCC_WARN_ABOUT_RETURN_TYPE = YES_ERROR;
				GCC_WARN_UNDECLARED_SELECTOR = YES;
				GCC_WARN_UNINITIALIZED_AUTOS = YES_AGGRESSIVE;
				GCC_WARN_UNUSED_FUNCTION = YES;
				GCC_WARN_UNUSED_VARIABLE = YES;
				IPHONEOS_DEPLOYMENT_TARGET = 16.0;
				MTL_ENABLE_DEBUG_INFO = NO;
				MTL_FAST_MATH = YES;
				SDKROOT = iphoneos;
				SWIFT_COMPILATION_MODE = wholemodule;
				SWIFT_OPTIMIZATION_LEVEL = "-O";
				VALIDATE_PRODUCT = YES;
			};
			name = Release;
		};
		1E7BD6BA2B0E35B700BA7B85 /* Debug */ = {
			isa = XCBuildConfiguration;
			buildSettings = {
				ASSETCATALOG_COMPILER_APPICON_NAME = AppIcon;
				ASSETCATALOG_COMPILER_GLOBAL_ACCENT_COLOR_NAME = AccentColor;
				CODE_SIGN_STYLE = Automatic;
				CURRENT_PROJECT_VERSION = 1;
				DEVELOPMENT_ASSET_PATHS = "\"HoangAnhNotes/Preview Content\"";
				DEVELOPMENT_TEAM = PMN2F5FB2C;
				ENABLE_PREVIEWS = YES;
				GENERATE_INFOPLIST_FILE = YES;
				INFOPLIST_KEY_UIApplicationSceneManifest_Generation = YES;
				INFOPLIST_KEY_UIApplicationSupportsIndirectInputEvents = YES;
				INFOPLIST_KEY_UILaunchScreen_Generation = YES;
				INFOPLIST_KEY_UISupportedInterfaceOrientations = UIInterfaceOrientationPortrait;
				LD_RUNPATH_SEARCH_PATHS = (
					"$(inherited)",
					"@executable_path/Frameworks",
				);
				MARKETING_VERSION = 1.0;
				PRODUCT_BUNDLE_IDENTIFIER = com.hoanganh.HoangAnhNotes;
				PRODUCT_NAME = "$(TARGET_NAME)";
				SWIFT_EMIT_LOC_STRINGS = YES;
				SWIFT_VERSION = 5.0;
				TARGETED_DEVICE_FAMILY = "1,2";
			};
			name = Debug;
		};
		1E7BD6BB2B0E35B700BA7B85 /* Release */ = {
			isa = XCBuildConfiguration;
			buildSettings = {
				ASSETCATALOG_COMPILER_APPICON_NAME = AppIcon;
				ASSETCATALOG_COMPILER_GLOBAL_ACCENT_COLOR_NAME = AccentColor;
				CODE_SIGN_STYLE = Automatic;
				CURRENT_PROJECT_VERSION = 1;
				DEVELOPMENT_ASSET_PATHS = "\"HoangAnhNotes/Preview Content\"";
				DEVELOPMENT_TEAM = PMN2F5FB2C;
				ENABLE_PREVIEWS = YES;
				GENERATE_INFOPLIST_FILE = YES;
				INFOPLIST_KEY_UIApplicationSceneManifest_Generation = YES;
				INFOPLIST_KEY_UIApplicationSupportsIndirectInputEvents = YES;
				INFOPLIST_KEY_UILaunchScreen_Generation = YES;
				INFOPLIST_KEY_UISupportedInterfaceOrientations = UIInterfaceOrientationPortrait;
				LD_RUNPATH_SEARCH_PATHS = (
					"$(inherited)",
					"@executable_path/Frameworks",
				);
				MARKETING_VERSION = 1.0;
				PRODUCT_BUNDLE_IDENTIFIER = com.hoanganh.HoangAnhNotes;
				PRODUCT_NAME = "$(TARGET_NAME)";
				SWIFT_EMIT_LOC_STRINGS = YES;
				SWIFT_VERSION = 5.0;
				TARGETED_DEVICE_FAMILY = "1,2";
			};
			name = Release;
		};
		1E7BD6BD2B0E35B700BA7B85 /* Debug */ = {
			isa = XCBuildConfiguration;
			buildSettings = {
				ALWAYS_EMBED_SWIFT_STANDARD_LIBRARIES = YES;
				BUNDLE_LOADER = "$(TEST_HOST)";
				CODE_SIGN_STYLE = Automatic;
				CURRENT_PROJECT_VERSION = 1;
				DEVELOPMENT_TEAM = PMN2F5FB2C;
				GENERATE_INFOPLIST_FILE = YES;
				IPHONEOS_DEPLOYMENT_TARGET = 16.0;
				MARKETING_VERSION = 1.0;
				PRODUCT_BUNDLE_IDENTIFIER = com.hoanganh.HoangAnhNotesTests;
				PRODUCT_NAME = "$(TARGET_NAME)";
				SWIFT_EMIT_LOC_STRINGS = NO;
				SWIFT_VERSION = 5.0;
				TARGETED_DEVICE_FAMILY = "1,2";
				TEST_HOST = "$(BUILT_PRODUCTS_DIR)/HoangAnhNotes.app/$(BUNDLE_EXECUTABLE_FOLDER_PATH)/HoangAnhNotes";
			};
			name = Debug;
		};
		1E7BD6BE2B0E35B700BA7B85 /* Release */ = {
			isa = XCBuildConfiguration;
			buildSettings = {
				ALWAYS_EMBED_SWIFT_STANDARD_LIBRARIES = YES;
				BUNDLE_LOADER = "$(TEST_HOST)";
				CODE_SIGN_STYLE = Automatic;
				CURRENT_PROJECT_VERSION = 1;
				DEVELOPMENT_TEAM = PMN2F5FB2C;
				GENERATE_INFOPLIST_FILE = YES;
				IPHONEOS_DEPLOYMENT_TARGET = 16.0;
				MARKETING_VERSION = 1.0;
				PRODUCT_BUNDLE_IDENTIFIER = com.hoanganh.HoangAnhNotesTests;
				PRODUCT_NAME = "$(TARGET_NAME)";
				SWIFT_EMIT_LOC_STRINGS = NO;
				SWIFT_VERSION = 5.0;
				TARGETED_DEVICE_FAMILY = "1,2";
				TEST_HOST = "$(BUILT_PRODUCTS_DIR)/HoangAnhNotes.app/$(BUNDLE_EXECUTABLE_FOLDER_PATH)/HoangAnhNotes";
			};
			name = Release;
		};
		1E7BD6C02B0E35B700BA7B85 /* Debug */ = {
			isa = XCBuildConfiguration;
			buildSettings = {
				ALWAYS_EMBED_SWIFT_STANDARD_LIBRARIES = YES;
				CODE_SIGN_STYLE = Automatic;
				CURRENT_PROJECT_VERSION = 1;
				DEVELOPMENT_TEAM = PMN2F5FB2C;
				GENERATE_INFOPLIST_FILE = YES;
				MARKETING_VERSION = 1.0;
				PRODUCT_BUNDLE_IDENTIFIER = com.hoanganh.HoangAnhNotesUITests;
				PRODUCT_NAME = "$(TARGET_NAME)";
				SWIFT_EMIT_LOC_STRINGS = NO;
				SWIFT_VERSION = 5.0;
				TARGETED_DEVICE_FAMILY = "1,2";
				TEST_TARGET_NAME = HoangAnhNotes;
			};
			name = Debug;
		};
		1E7BD6C12B0E35B700BA7B85 /* Release */ = {
			isa = XCBuildConfiguration;
			buildSettings = {
				ALWAYS_EMBED_SWIFT_STANDARD_LIBRARIES = YES;
				CODE_SIGN_STYLE = Automatic;
				CURRENT_PROJECT_VERSION = 1;
				DEVELOPMENT_TEAM = PMN2F5FB2C;
				GENERATE_INFOPLIST_FILE = YES;
				MARKETING_VERSION = 1.0;
				PRODUCT_BUNDLE_IDENTIFIER = com.hoanganh.HoangAnhNotesUITests;
				PRODUCT_NAME = "$(TARGET_NAME)";
				SWIFT_EMIT_LOC_STRINGS = NO;
				SWIFT_VERSION = 5.0;
				TARGETED_DEVICE_FAMILY = "1,2";
				TEST_TARGET_NAME = HoangAnhNotes;
			};
			name = Release;
		};
/* End XCBuildConfiguration section */

/* Begin XCConfigurationList section */
		1E7BD6902B0E35B300BA7B85 /* Build configuration list for PBXProject "HoangAnhNotes" */ = {
			isa = XCConfigurationList;
			buildConfigurations = (
				1E7BD6B72B0E35B700BA7B85 /* Debug */,
				1E7BD6B82B0E35B700BA7B85 /* Release */,
			);
			defaultConfigurationIsVisible = 0;
			defaultConfigurationName = Release;
		};
		1E7BD6B92B0E35B700BA7B85 /* Build configuration list for PBXNativeTarget "HoangAnhNotes" */ = {
			isa = XCConfigurationList;
			buildConfigurations = (
				1E7BD6BA2B0E35B700BA7B85 /* Debug */,
				1E7BD6BB2B0E35B700BA7B85 /* Release */,
			);
			defaultConfigurationIsVisible = 0;
			defaultConfigurationName = Release;
		};
		1E7BD6BC2B0E35B700BA7B85 /* Build configuration list for PBXNativeTarget "HoangAnhNotesTests" */ = {
			isa = XCConfigurationList;
			buildConfigurations = (
				1E7BD6BD2B0E35B700BA7B85 /* Debug */,
				1E7BD6BE2B0E35B700BA7B85 /* Release */,
			);
			defaultConfigurationIsVisible = 0;
			defaultConfigurationName = Release;
		};
		1E7BD6BF2B0E35B700BA7B85 /* Build configuration list for PBXNativeTarget "HoangAnhNotesUITests" */ = {
			isa = XCConfigurationList;
			buildConfigurations = (
				1E7BD6C02B0E35B700BA7B85 /* Debug */,
				1E7BD6C12B0E35B700BA7B85 /* Release */,
			);
			defaultConfigurationIsVisible = 0;
			defaultConfigurationName = Release;
		};
/* End XCConfigurationList section */

/* Begin XCRemoteSwiftPackageReference section */
		1EB9BAD62B0F4D0500B72EA8 /* XCRemoteSwiftPackageReference "firebase-ios-sdk" */ = {
			isa = XCRemoteSwiftPackageReference;
			repositoryURL = "https://github.com/firebase/firebase-ios-sdk";
			requirement = {
				branch = master;
				kind = branch;
			};
		};
/* End XCRemoteSwiftPackageReference section */

/* Begin XCSwiftPackageProductDependency section */
		1E4EE6A12B12FE78009659A4 /* FirebaseAnalytics */ = {
			isa = XCSwiftPackageProductDependency;
			package = 1EB9BAD62B0F4D0500B72EA8 /* XCRemoteSwiftPackageReference "firebase-ios-sdk" */;
			productName = FirebaseAnalytics;
		};
		1E4EE6A32B12FE78009659A4 /* FirebaseAnalyticsOnDeviceConversion */ = {
			isa = XCSwiftPackageProductDependency;
			package = 1EB9BAD62B0F4D0500B72EA8 /* XCRemoteSwiftPackageReference "firebase-ios-sdk" */;
			productName = FirebaseAnalyticsOnDeviceConversion;
		};
		1E4EE6A52B12FE78009659A4 /* FirebaseAnalyticsSwift */ = {
			isa = XCSwiftPackageProductDependency;
			package = 1EB9BAD62B0F4D0500B72EA8 /* XCRemoteSwiftPackageReference "firebase-ios-sdk" */;
			productName = FirebaseAnalyticsSwift;
		};
		1E4EE6A72B12FE78009659A4 /* FirebaseAnalyticsWithoutAdIdSupport */ = {
			isa = XCSwiftPackageProductDependency;
			package = 1EB9BAD62B0F4D0500B72EA8 /* XCRemoteSwiftPackageReference "firebase-ios-sdk" */;
			productName = FirebaseAnalyticsWithoutAdIdSupport;
		};
		1E4EE6A92B12FE78009659A4 /* FirebaseAppCheck */ = {
			isa = XCSwiftPackageProductDependency;
			package = 1EB9BAD62B0F4D0500B72EA8 /* XCRemoteSwiftPackageReference "firebase-ios-sdk" */;
			productName = FirebaseAppCheck;
		};
		1E4EE6AB2B12FE78009659A4 /* FirebaseAppDistribution-Beta */ = {
			isa = XCSwiftPackageProductDependency;
			package = 1EB9BAD62B0F4D0500B72EA8 /* XCRemoteSwiftPackageReference "firebase-ios-sdk" */;
			productName = "FirebaseAppDistribution-Beta";
		};
		1E4EE6AD2B12FE78009659A4 /* FirebaseAuth */ = {
			isa = XCSwiftPackageProductDependency;
			package = 1EB9BAD62B0F4D0500B72EA8 /* XCRemoteSwiftPackageReference "firebase-ios-sdk" */;
			productName = FirebaseAuth;
		};
		1E4EE6AF2B12FE78009659A4 /* FirebaseAuthCombine-Community */ = {
			isa = XCSwiftPackageProductDependency;
			package = 1EB9BAD62B0F4D0500B72EA8 /* XCRemoteSwiftPackageReference "firebase-ios-sdk" */;
			productName = "FirebaseAuthCombine-Community";
		};
		1E4EE6B12B12FE78009659A4 /* FirebaseCrashlytics */ = {
			isa = XCSwiftPackageProductDependency;
			package = 1EB9BAD62B0F4D0500B72EA8 /* XCRemoteSwiftPackageReference "firebase-ios-sdk" */;
			productName = FirebaseCrashlytics;
		};
		1E4EE6B32B12FE78009659A4 /* FirebaseDatabase */ = {
			isa = XCSwiftPackageProductDependency;
			package = 1EB9BAD62B0F4D0500B72EA8 /* XCRemoteSwiftPackageReference "firebase-ios-sdk" */;
			productName = FirebaseDatabase;
		};
		1E4EE6B52B12FE78009659A4 /* FirebaseDatabaseSwift */ = {
			isa = XCSwiftPackageProductDependency;
			package = 1EB9BAD62B0F4D0500B72EA8 /* XCRemoteSwiftPackageReference "firebase-ios-sdk" */;
			productName = FirebaseDatabaseSwift;
		};
		1E4EE6B72B12FE78009659A4 /* FirebaseDynamicLinks */ = {
			isa = XCSwiftPackageProductDependency;
			package = 1EB9BAD62B0F4D0500B72EA8 /* XCRemoteSwiftPackageReference "firebase-ios-sdk" */;
			productName = FirebaseDynamicLinks;
		};
		1E4EE6B92B12FE78009659A4 /* FirebaseFirestore */ = {
			isa = XCSwiftPackageProductDependency;
			package = 1EB9BAD62B0F4D0500B72EA8 /* XCRemoteSwiftPackageReference "firebase-ios-sdk" */;
			productName = FirebaseFirestore;
		};
		1E4EE6BB2B12FE78009659A4 /* FirebaseFirestoreCombine-Community */ = {
			isa = XCSwiftPackageProductDependency;
			package = 1EB9BAD62B0F4D0500B72EA8 /* XCRemoteSwiftPackageReference "firebase-ios-sdk" */;
			productName = "FirebaseFirestoreCombine-Community";
		};
		1E4EE6BD2B12FE78009659A4 /* FirebaseFirestoreSwift */ = {
			isa = XCSwiftPackageProductDependency;
			package = 1EB9BAD62B0F4D0500B72EA8 /* XCRemoteSwiftPackageReference "firebase-ios-sdk" */;
			productName = FirebaseFirestoreSwift;
		};
		1E4EE6BF2B12FE78009659A4 /* FirebaseFunctions */ = {
			isa = XCSwiftPackageProductDependency;
			package = 1EB9BAD62B0F4D0500B72EA8 /* XCRemoteSwiftPackageReference "firebase-ios-sdk" */;
			productName = FirebaseFunctions;
		};
		1E4EE6C12B12FE78009659A4 /* FirebaseFunctionsCombine-Community */ = {
			isa = XCSwiftPackageProductDependency;
			package = 1EB9BAD62B0F4D0500B72EA8 /* XCRemoteSwiftPackageReference "firebase-ios-sdk" */;
			productName = "FirebaseFunctionsCombine-Community";
		};
		1E4EE6C32B12FE78009659A4 /* FirebaseInAppMessaging-Beta */ = {
			isa = XCSwiftPackageProductDependency;
			package = 1EB9BAD62B0F4D0500B72EA8 /* XCRemoteSwiftPackageReference "firebase-ios-sdk" */;
			productName = "FirebaseInAppMessaging-Beta";
		};
		1E4EE6C52B12FE78009659A4 /* FirebaseInAppMessagingSwift-Beta */ = {
			isa = XCSwiftPackageProductDependency;
			package = 1EB9BAD62B0F4D0500B72EA8 /* XCRemoteSwiftPackageReference "firebase-ios-sdk" */;
			productName = "FirebaseInAppMessagingSwift-Beta";
		};
		1E4EE6C72B12FE78009659A4 /* FirebaseInstallations */ = {
			isa = XCSwiftPackageProductDependency;
			package = 1EB9BAD62B0F4D0500B72EA8 /* XCRemoteSwiftPackageReference "firebase-ios-sdk" */;
			productName = FirebaseInstallations;
		};
		1E4EE6C92B12FE78009659A4 /* FirebaseMessaging */ = {
			isa = XCSwiftPackageProductDependency;
			package = 1EB9BAD62B0F4D0500B72EA8 /* XCRemoteSwiftPackageReference "firebase-ios-sdk" */;
			productName = FirebaseMessaging;
		};
		1E4EE6CB2B12FE78009659A4 /* FirebaseMLModelDownloader */ = {
			isa = XCSwiftPackageProductDependency;
			package = 1EB9BAD62B0F4D0500B72EA8 /* XCRemoteSwiftPackageReference "firebase-ios-sdk" */;
			productName = FirebaseMLModelDownloader;
		};
		1E4EE6CD2B12FE78009659A4 /* FirebasePerformance */ = {
			isa = XCSwiftPackageProductDependency;
			package = 1EB9BAD62B0F4D0500B72EA8 /* XCRemoteSwiftPackageReference "firebase-ios-sdk" */;
			productName = FirebasePerformance;
		};
		1E4EE6CF2B12FE78009659A4 /* FirebaseRemoteConfig */ = {
			isa = XCSwiftPackageProductDependency;
			package = 1EB9BAD62B0F4D0500B72EA8 /* XCRemoteSwiftPackageReference "firebase-ios-sdk" */;
			productName = FirebaseRemoteConfig;
		};
		1E4EE6D12B12FE78009659A4 /* FirebaseRemoteConfigSwift */ = {
			isa = XCSwiftPackageProductDependency;
			package = 1EB9BAD62B0F4D0500B72EA8 /* XCRemoteSwiftPackageReference "firebase-ios-sdk" */;
			productName = FirebaseRemoteConfigSwift;
		};
		1E4EE6D32B12FE78009659A4 /* FirebaseStorage */ = {
			isa = XCSwiftPackageProductDependency;
			package = 1EB9BAD62B0F4D0500B72EA8 /* XCRemoteSwiftPackageReference "firebase-ios-sdk" */;
			productName = FirebaseStorage;
		};
		1E4EE6D52B12FE78009659A4 /* FirebaseStorageCombine-Community */ = {
			isa = XCSwiftPackageProductDependency;
			package = 1EB9BAD62B0F4D0500B72EA8 /* XCRemoteSwiftPackageReference "firebase-ios-sdk" */;
			productName = "FirebaseStorageCombine-Community";
		};
		1EB9BAD72B0F4D0500B72EA8 /* FirebaseAnalytics */ = {
			isa = XCSwiftPackageProductDependency;
			package = 1EB9BAD62B0F4D0500B72EA8 /* XCRemoteSwiftPackageReference "firebase-ios-sdk" */;
			productName = FirebaseAnalytics;
		};
		1EB9BAD92B0F4D0500B72EA8 /* FirebaseAnalyticsSwift */ = {
			isa = XCSwiftPackageProductDependency;
			package = 1EB9BAD62B0F4D0500B72EA8 /* XCRemoteSwiftPackageReference "firebase-ios-sdk" */;
			productName = FirebaseAnalyticsSwift;
		};
		1EB9BADB2B0F4D0500B72EA8 /* FirebaseDatabase */ = {
			isa = XCSwiftPackageProductDependency;
			package = 1EB9BAD62B0F4D0500B72EA8 /* XCRemoteSwiftPackageReference "firebase-ios-sdk" */;
			productName = FirebaseDatabase;
		};
		1EB9BADD2B0F4D0500B72EA8 /* FirebaseDatabaseSwift */ = {
			isa = XCSwiftPackageProductDependency;
			package = 1EB9BAD62B0F4D0500B72EA8 /* XCRemoteSwiftPackageReference "firebase-ios-sdk" */;
			productName = FirebaseDatabaseSwift;
		};
/* End XCSwiftPackageProductDependency section */
	};
	rootObject = 1E7BD68D2B0E35B300BA7B85 /* Project object */;
}
